github.com/wzshiming/requests v1.1.2 h1:LCWP+QeqnJzc0ZmumqUveSidxb9QjzrbZ3JSQUCl/0w=
github.com/wzshiming/requests v1.1.2/go.mod h1:bWykudsOJpRdoG9HSTm9p0P9BUmnELaxL2Sb3lDACUM=
golang.org/x/net v0.0.0-20181029044818-c44066c5c816 h1:mVFkLpejdFLXVUv9E42f3XJVfMdqd0IVLVIVLjZWn5o=
golang.org/x/net v0.0.0-20181029044818-c44066c5c816/go.mod h1:mL1N/T3taQHkDXs73rZJwtUhF3w3ftmwwsq0BUmARs4=
golang.org/x/text v0.3.0 h1:g61tztE5qeGQ89tm6NTjjM9VPIm088od1l6aSorWRWg=
golang.org/x/text v0.3.0/go.mod h1:NqM8EUOU14njkJ3fqMW+pc6Ldnwhi/IjpwHt7yyuwOQ=
